
Microsoft Visual Studio Solution File, Format Version 12.00
# Visual Studio Version 17
VisualStudioVersion = 17.8.34330.188
MinimumVisualStudioVersion = 10.0.40219.1
Project("{9A19103F-16F7-4668-BE54-9A1E7A4F7556}") = "KwikCase", "KwikCase\KwikCase.csproj", "{5F42E55D-59B5-4EE7-8D40-74CF174C1E50}"
EndProject
Project("{E53339B2-1760-4266-BCC7-CA923CBCF16C}") = "docker-compose", "docker-compose.dcproj", "{D24290B9-EEC8-4D8C-A9F4-732A14947FF4}"
EndProject
Global
	GlobalSection(SolutionConfigurationPlatforms) = preSolution
		Debug|Any CPU = Debug|Any CPU
		Release|Any CPU = Release|Any CPU
	EndGlobalSection
	GlobalSection(ProjectConfigurationPlatforms) = postSolution
		{5F42E55D-59B5-4EE7-8D40-74CF174C1E50}.Debug|Any CPU.ActiveCfg = Debug|Any CPU
		{5F42E55D-59B5-4EE7-8D40-74CF174C1E50}.Debug|Any CPU.Build.0 = Debug|Any CPU
		{5F42E55D-59B5-4EE7-8D40-74CF174C1E50}.Release|Any CPU.ActiveCfg = Release|Any CPU
		{5F42E55D-59B5-4EE7-8D40-74CF174C1E50}.Release|Any CPU.Build.0 = Release|Any CPU
		{D24290B9-EEC8-4D8C-A9F4-732A14947FF4}.Debug|Any CPU.ActiveCfg = Debug|Any CPU
		{D24290B9-EEC8-4D8C-A9F4-732A14947FF4}.Debug|Any CPU.Build.0 = Debug|Any CPU
		{D24290B9-EEC8-4D8C-A9F4-732A14947FF4}.Release|Any CPU.ActiveCfg = Release|Any CPU
		{D24290B9-EEC8-4D8C-A9F4-732A14947FF4}.Release|Any CPU.Build.0 = Release|Any CPU
	EndGlobalSection
	GlobalSection(SolutionProperties) = preSolution
		HideSolutionNode = FALSE
	EndGlobalSection
	GlobalSection(ExtensibilityGlobals) = postSolution
		SolutionGuid = {7DDA0EC2-3E74-4DC3-8873-7283AA971D6A}
	EndGlobalSection
EndGlobal
